
Microsoft Visual Studio Solution File, Format Version 12.00
# Visual Studio Version 16
VisualStudioVersion = 16.0.29306.81
MinimumVisualStudioVersion = 10.0.40219.1
Project("{FAE04EC0-301F-11D3-BF4B-00C04F79EFBC}") = "HelloMvcCore", "HelloMvcCore\HelloMvcCore.csproj", "{DC440B18-0FD4-4AC0-9CEC-364770043965}"
EndProject
Global
	GlobalSection(SolutionConfigurationPlatforms) = preSolution
		Debug|Any CPU = Debug|Any CPU
		Release|Any CPU = Release|Any CPU
	EndGlobalSection
	GlobalSection(ProjectConfigurationPlatforms) = postSolution
		{DC440B18-0FD4-4AC0-9CEC-364770043965}.Debug|Any CPU.ActiveCfg = Debug|Any CPU
		{DC440B18-0FD4-4AC0-9CEC-364770043965}.Debug|Any CPU.Build.0 = Debug|Any CPU
		{DC440B18-0FD4-4AC0-9CEC-364770043965}.Release|Any CPU.ActiveCfg = Release|Any CPU
		{DC440B18-0FD4-4AC0-9CEC-364770043965}.Release|Any CPU.Build.0 = Release|Any CPU
	EndGlobalSection
	GlobalSection(SolutionProperties) = preSolution
		HideSolutionNode = FALSE
	EndGlobalSection
	GlobalSection(ExtensibilityGlobals) = postSolution
		SolutionGuid = {74EBED80-1303-4C06-8BB4-8189AAF143A7}
	EndGlobalSection
EndGlobal
